
Microsoft Visual Studio Solution File, Format Version 12.00
# Visual Studio Version 17
VisualStudioVersion = 17.4.33213.308
MinimumVisualStudioVersion = 10.0.40219.1
Project("{FAE04EC0-301F-11D3-BF4B-00C04F79EFBC}") = "Zadacha1", "Zadacha1\Zadacha1.csproj", "{55D36FD9-BBDE-464D-BB2D-5C7500075B7E}"
EndProject
Project("{FAE04EC0-301F-11D3-BF4B-00C04F79EFBC}") = "FibonacciNumbers", "FibonacciNumbers\FibonacciNumbers.csproj", "{D8D2D4EE-2012-4CB3-A6A4-6F8A4C82F056}"
EndProject
Global
	GlobalSection(SolutionConfigurationPlatforms) = preSolution
		Debug|Any CPU = Debug|Any CPU
		Release|Any CPU = Release|Any CPU
	EndGlobalSection
	GlobalSection(ProjectConfigurationPlatforms) = postSolution
		{55D36FD9-BBDE-464D-BB2D-5C7500075B7E}.Debug|Any CPU.ActiveCfg = Debug|Any CPU
		{55D36FD9-BBDE-464D-BB2D-5C7500075B7E}.Debug|Any CPU.Build.0 = Debug|Any CPU
		{55D36FD9-BBDE-464D-BB2D-5C7500075B7E}.Release|Any CPU.ActiveCfg = Release|Any CPU
		{55D36FD9-BBDE-464D-BB2D-5C7500075B7E}.Release|Any CPU.Build.0 = Release|Any CPU
		{D8D2D4EE-2012-4CB3-A6A4-6F8A4C82F056}.Debug|Any CPU.ActiveCfg = Debug|Any CPU
		{D8D2D4EE-2012-4CB3-A6A4-6F8A4C82F056}.Debug|Any CPU.Build.0 = Debug|Any CPU
		{D8D2D4EE-2012-4CB3-A6A4-6F8A4C82F056}.Release|Any CPU.ActiveCfg = Release|Any CPU
		{D8D2D4EE-2012-4CB3-A6A4-6F8A4C82F056}.Release|Any CPU.Build.0 = Release|Any CPU
	EndGlobalSection
	GlobalSection(SolutionProperties) = preSolution
		HideSolutionNode = FALSE
	EndGlobalSection
	GlobalSection(ExtensibilityGlobals) = postSolution
		SolutionGuid = {82BF88F1-9A97-4822-A3C2-F03ED4FCA654}
	EndGlobalSection
EndGlobal
